// !$*UTF8*$!
{
	archiveVersion = 1;
	classes = {
	};
	objectVersion = 55;
	objects = {

/* Begin PBXBuildFile section */
		C2272C072754E553005C3CF4 /* AppDelegate.swift in Sources */ = {isa = PBXBuildFile; fileRef = C2272C062754E553005C3CF4 /* AppDelegate.swift */; };
		C2272C092754E553005C3CF4 /* SceneDelegate.swift in Sources */ = {isa = PBXBuildFile; fileRef = C2272C082754E553005C3CF4 /* SceneDelegate.swift */; };
		C2272C0B2754E553005C3CF4 /* ViewController.swift in Sources */ = {isa = PBXBuildFile; fileRef = C2272C0A2754E553005C3CF4 /* ViewController.swift */; };
		C2272C0E2754E553005C3CF4 /* Main.storyboard in Resources */ = {isa = PBXBuildFile; fileRef = C2272C0C2754E553005C3CF4 /* Main.storyboard */; };
		C2272C102754E555005C3CF4 /* Assets.xcassets in Resources */ = {isa = PBXBuildFile; fileRef = C2272C0F2754E555005C3CF4 /* Assets.xcassets */; };
		C2272C132754E555005C3CF4 /* LaunchScreen.storyboard in Resources */ = {isa = PBXBuildFile; fileRef = C2272C112754E555005C3CF4 /* LaunchScreen.storyboard */; };
		C2272C1B2754E9D8005C3CF4 /* TabBarController.swift in Sources */ = {isa = PBXBuildFile; fileRef = C2272C1A2754E9D8005C3CF4 /* TabBarController.swift */; };
		C2272C1D2754F864005C3CF4 /* UILabelExtension.swift in Sources */ = {isa = PBXBuildFile; fileRef = C2272C1C2754F864005C3CF4 /* UILabelExtension.swift */; };
		C2272C2127556BA8005C3CF4 /* HabitsViewController.swift in Sources */ = {isa = PBXBuildFile; fileRef = C2272C2027556BA8005C3CF4 /* HabitsViewController.swift */; };
		C2272C2327556BB4005C3CF4 /* HabitsView.swift in Sources */ = {isa = PBXBuildFile; fileRef = C2272C2227556BB4005C3CF4 /* HabitsView.swift */; };
		C2272C2527557471005C3CF4 /* UIViewExtension.swift in Sources */ = {isa = PBXBuildFile; fileRef = C2272C2427557471005C3CF4 /* UIViewExtension.swift */; };
		C2272C2827558A51005C3CF4 /* InfoViewController.swift in Sources */ = {isa = PBXBuildFile; fileRef = C2272C2727558A51005C3CF4 /* InfoViewController.swift */; };
		C2272C2A27558A5E005C3CF4 /* InfoView.swift in Sources */ = {isa = PBXBuildFile; fileRef = C2272C2927558A5E005C3CF4 /* InfoView.swift */; };
		C2272C2D275595A0005C3CF4 /* HabitsStore.swift in Sources */ = {isa = PBXBuildFile; fileRef = C2272C2C275595A0005C3CF4 /* HabitsStore.swift */; };
		C2272C2F275662F6005C3CF4 /* HabitCollectionViewCell.swift in Sources */ = {isa = PBXBuildFile; fileRef = C2272C2E275662F6005C3CF4 /* HabitCollectionViewCell.swift */; };
		C2272C3127581806005C3CF4 /* HabitViewController.swift in Sources */ = {isa = PBXBuildFile; fileRef = C2272C3027581806005C3CF4 /* HabitViewController.swift */; };
		C2272C3327581AE9005C3CF4 /* HabitView.swift in Sources */ = {isa = PBXBuildFile; fileRef = C2272C3227581AE9005C3CF4 /* HabitView.swift */; };
		C2272C35275AC1F5005C3CF4 /* UIColorExtension.swift in Sources */ = {isa = PBXBuildFile; fileRef = C2272C34275AC1F4005C3CF4 /* UIColorExtension.swift */; };
		C2272C37275ADF25005C3CF4 /* ProgressCollectionViewCell.swift in Sources */ = {isa = PBXBuildFile; fileRef = C2272C36275ADF25005C3CF4 /* ProgressCollectionViewCell.swift */; };
		C2272C3B276379B2005C3CF4 /* HabitDetailsViewController.swift in Sources */ = {isa = PBXBuildFile; fileRef = C2272C3A276379B1005C3CF4 /* HabitDetailsViewController.swift */; };
/* End PBXBuildFile section */

/* Begin PBXFileReference section */
		C2272C032754E553005C3CF4 /* MyHabits.app */ = {isa = PBXFileReference; explicitFileType = wrapper.application; includeInIndex = 0; path = MyHabits.app; sourceTree = BUILT_PRODUCTS_DIR; };
		C2272C062754E553005C3CF4 /* AppDelegate.swift */ = {isa = PBXFileReference; lastKnownFileType = sourcecode.swift; path = AppDelegate.swift; sourceTree = "<group>"; };
		C2272C082754E553005C3CF4 /* SceneDelegate.swift */ = {isa = PBXFileReference; lastKnownFileType = sourcecode.swift; path = SceneDelegate.swift; sourceTree = "<group>"; };
		C2272C0A2754E553005C3CF4 /* ViewController.swift */ = {isa = PBXFileReference; lastKnownFileType = sourcecode.swift; path = ViewController.swift; sourceTree = "<group>"; };
		C2272C0D2754E553005C3CF4 /* Base */ = {isa = PBXFileReference; lastKnownFileType = file.storyboard; name = Base; path = Base.lproj/Main.storyboard; sourceTree = "<group>"; };
		C2272C0F2754E555005C3CF4 /* Assets.xcassets */ = {isa = PBXFileReference; lastKnownFileType = folder.assetcatalog; path = Assets.xcassets; sourceTree = "<group>"; };
		C2272C122754E555005C3CF4 /* Base */ = {isa = PBXFileReference; lastKnownFileType = file.storyboard; name = Base; path = Base.lproj/LaunchScreen.storyboard; sourceTree = "<group>"; };
		C2272C142754E555005C3CF4 /* Info.plist */ = {isa = PBXFileReference; lastKnownFileType = text.plist.xml; path = Info.plist; sourceTree = "<group>"; };
		C2272C1A2754E9D8005C3CF4 /* TabBarController.swift */ = {isa = PBXFileReference; lastKnownFileType = sourcecode.swift; path = TabBarController.swift; sourceTree = "<group>"; };
		C2272C1C2754F864005C3CF4 /* UILabelExtension.swift */ = {isa = PBXFileReference; lastKnownFileType = sourcecode.swift; path = UILabelExtension.swift; sourceTree = "<group>"; };
		C2272C2027556BA8005C3CF4 /* HabitsViewController.swift */ = {isa = PBXFileReference; lastKnownFileType = sourcecode.swift; path = HabitsViewController.swift; sourceTree = "<group>"; };
		C2272C2227556BB4005C3CF4 /* HabitsView.swift */ = {isa = PBXFileReference; lastKnownFileType = sourcecode.swift; path = HabitsView.swift; sourceTree = "<group>"; };
		C2272C2427557471005C3CF4 /* UIViewExtension.swift */ = {isa = PBXFileReference; lastKnownFileType = sourcecode.swift; path = UIViewExtension.swift; sourceTree = "<group>"; };
		C2272C2727558A51005C3CF4 /* InfoViewController.swift */ = {isa = PBXFileReference; lastKnownFileType = sourcecode.swift; path = InfoViewController.swift; sourceTree = "<group>"; };
		C2272C2927558A5E005C3CF4 /* InfoView.swift */ = {isa = PBXFileReference; lastKnownFileType = sourcecode.swift; path = InfoView.swift; sourceTree = "<group>"; };
		C2272C2C275595A0005C3CF4 /* HabitsStore.swift */ = {isa = PBXFileReference; lastKnownFileType = sourcecode.swift; path = HabitsStore.swift; sourceTree = "<group>"; };
		C2272C2E275662F6005C3CF4 /* HabitCollectionViewCell.swift */ = {isa = PBXFileReference; lastKnownFileType = sourcecode.swift; path = HabitCollectionViewCell.swift; sourceTree = "<group>"; };
		C2272C3027581806005C3CF4 /* HabitViewController.swift */ = {isa = PBXFileReference; lastKnownFileType = sourcecode.swift; path = HabitViewController.swift; sourceTree = "<group>"; };
		C2272C3227581AE9005C3CF4 /* HabitView.swift */ = {isa = PBXFileReference; lastKnownFileType = sourcecode.swift; path = HabitView.swift; sourceTree = "<group>"; };
		C2272C34275AC1F4005C3CF4 /* UIColorExtension.swift */ = {isa = PBXFileReference; lastKnownFileType = sourcecode.swift; path = UIColorExtension.swift; sourceTree = "<group>"; };
		C2272C36275ADF25005C3CF4 /* ProgressCollectionViewCell.swift */ = {isa = PBXFileReference; lastKnownFileType = sourcecode.swift; path = ProgressCollectionViewCell.swift; sourceTree = "<group>"; };
		C2272C3A276379B1005C3CF4 /* HabitDetailsViewController.swift */ = {isa = PBXFileReference; lastKnownFileType = sourcecode.swift; path = HabitDetailsViewController.swift; sourceTree = "<group>"; };
/* End PBXFileReference section */

/* Begin PBXFrameworksBuildPhase section */
		C2272C002754E553005C3CF4 /* Frameworks */ = {
			isa = PBXFrameworksBuildPhase;
			buildActionMask = 2147483647;
			files = (
			);
			runOnlyForDeploymentPostprocessing = 0;
		};
/* End PBXFrameworksBuildPhase section */

/* Begin PBXGroup section */
		C2272BFA2754E553005C3CF4 = {
			isa = PBXGroup;
			children = (
				C2272C052754E553005C3CF4 /* MyHabits */,
				C2272C042754E553005C3CF4 /* Products */,
			);
			sourceTree = "<group>";
		};
		C2272C042754E553005C3CF4 /* Products */ = {
			isa = PBXGroup;
			children = (
				C2272C032754E553005C3CF4 /* MyHabits.app */,
			);
			name = Products;
			sourceTree = "<group>";
		};
		C2272C052754E553005C3CF4 /* MyHabits */ = {
			isa = PBXGroup;
			children = (
				C2272C39276379A0005C3CF4 /* HabitDetails */,
				C2272C2B27559590005C3CF4 /* Store */,
				C2272C2627558A3C005C3CF4 /* Info */,
				C2272C38275D9079005C3CF4 /* Habit */,
				C2272C1F27556B89005C3CF4 /* Habits */,
				C2272C062754E553005C3CF4 /* AppDelegate.swift */,
				C2272C082754E553005C3CF4 /* SceneDelegate.swift */,
				C2272C0A2754E553005C3CF4 /* ViewController.swift */,
				C2272C0C2754E553005C3CF4 /* Main.storyboard */,
				C2272C0F2754E555005C3CF4 /* Assets.xcassets */,
				C2272C112754E555005C3CF4 /* LaunchScreen.storyboard */,
				C2272C142754E555005C3CF4 /* Info.plist */,
				C2272C1A2754E9D8005C3CF4 /* TabBarController.swift */,
				C2272C1E2754F86A005C3CF4 /* Extensions */,
			);
			path = MyHabits;
			sourceTree = "<group>";
		};
		C2272C1E2754F86A005C3CF4 /* Extensions */ = {
			isa = PBXGroup;
			children = (
				C2272C1C2754F864005C3CF4 /* UILabelExtension.swift */,
				C2272C2427557471005C3CF4 /* UIViewExtension.swift */,
				C2272C34275AC1F4005C3CF4 /* UIColorExtension.swift */,
			);
			path = Extensions;
			sourceTree = "<group>";
		};
		C2272C1F27556B89005C3CF4 /* Habits */ = {
			isa = PBXGroup;
			children = (
				C2272C2027556BA8005C3CF4 /* HabitsViewController.swift */,
				C2272C2227556BB4005C3CF4 /* HabitsView.swift */,
				C2272C2E275662F6005C3CF4 /* HabitCollectionViewCell.swift */,
				C2272C36275ADF25005C3CF4 /* ProgressCollectionViewCell.swift */,
			);
			path = Habits;
			sourceTree = "<group>";
		};
		C2272C2627558A3C005C3CF4 /* Info */ = {
			isa = PBXGroup;
			children = (
				C2272C2727558A51005C3CF4 /* InfoViewController.swift */,
				C2272C2927558A5E005C3CF4 /* InfoView.swift */,
			);
			path = Info;
			sourceTree = "<group>";
		};
		C2272C2B27559590005C3CF4 /* Store */ = {
			isa = PBXGroup;
			children = (
				C2272C2C275595A0005C3CF4 /* HabitsStore.swift */,
			);
			path = Store;
			sourceTree = "<group>";
		};
		C2272C38275D9079005C3CF4 /* Habit */ = {
			isa = PBXGroup;
			children = (
				C2272C3027581806005C3CF4 /* HabitViewController.swift */,
				C2272C3227581AE9005C3CF4 /* HabitView.swift */,
			);
			path = Habit;
			sourceTree = "<group>";
		};
		C2272C39276379A0005C3CF4 /* HabitDetails */ = {
			isa = PBXGroup;
			children = (
				C2272C3A276379B1005C3CF4 /* HabitDetailsViewController.swift */,
			);
			path = HabitDetails;
			sourceTree = "<group>";
		};
/* End PBXGroup section */

/* Begin PBXNativeTarget section */
		C2272C022754E553005C3CF4 /* MyHabits */ = {
			isa = PBXNativeTarget;
			buildConfigurationList = C2272C172754E555005C3CF4 /* Build configuration list for PBXNativeTarget "MyHabits" */;
			buildPhases = (
				C2272BFF2754E553005C3CF4 /* Sources */,
				C2272C002754E553005C3CF4 /* Frameworks */,
				C2272C012754E553005C3CF4 /* Resources */,
			);
			buildRules = (
			);
			dependencies = (
			);
			name = MyHabits;
			productName = MyHabits;
			productReference = C2272C032754E553005C3CF4 /* MyHabits.app */;
			productType = "com.apple.product-type.application";
		};
/* End PBXNativeTarget section */

/* Begin PBXProject section */
		C2272BFB2754E553005C3CF4 /* Project object */ = {
			isa = PBXProject;
			attributes = {
				BuildIndependentTargetsInParallel = 1;
				LastSwiftUpdateCheck = 1310;
				LastUpgradeCheck = 1310;
				TargetAttributes = {
					C2272C022754E553005C3CF4 = {
						CreatedOnToolsVersion = 13.1;
					};
				};
			};
			buildConfigurationList = C2272BFE2754E553005C3CF4 /* Build configuration list for PBXProject "MyHabits" */;
			compatibilityVersion = "Xcode 13.0";
			developmentRegion = en;
			hasScannedForEncodings = 0;
			knownRegions = (
				en,
				Base,
			);
			mainGroup = C2272BFA2754E553005C3CF4;
			productRefGroup = C2272C042754E553005C3CF4 /* Products */;
			projectDirPath = "";
			projectRoot = "";
			targets = (
				C2272C022754E553005C3CF4 /* MyHabits */,
			);
		};
/* End PBXProject section */

/* Begin PBXResourcesBuildPhase section */
		C2272C012754E553005C3CF4 /* Resources */ = {
			isa = PBXResourcesBuildPhase;
			buildActionMask = 2147483647;
			files = (
				C2272C132754E555005C3CF4 /* LaunchScreen.storyboard in Resources */,
				C2272C102754E555005C3CF4 /* Assets.xcassets in Resources */,
				C2272C0E2754E553005C3CF4 /* Main.storyboard in Resources */,
			);
			runOnlyForDeploymentPostprocessing = 0;
		};
/* End PBXResourcesBuildPhase section */

/* Begin PBXSourcesBuildPhase section */
		C2272BFF2754E553005C3CF4 /* Sources */ = {
			isa = PBXSourcesBuildPhase;
			buildActionMask = 2147483647;
			files = (
				C2272C0B2754E553005C3CF4 /* ViewController.swift in Sources */,
				C2272C2327556BB4005C3CF4 /* HabitsView.swift in Sources */,
				C2272C3B276379B2005C3CF4 /* HabitDetailsViewController.swift in Sources */,
				C2272C35275AC1F5005C3CF4 /* UIColorExtension.swift in Sources */,
				C2272C1B2754E9D8005C3CF4 /* TabBarController.swift in Sources */,
				C2272C2D275595A0005C3CF4 /* HabitsStore.swift in Sources */,
				C2272C1D2754F864005C3CF4 /* UILabelExtension.swift in Sources */,
				C2272C2827558A51005C3CF4 /* InfoViewController.swift in Sources */,
				C2272C3127581806005C3CF4 /* HabitViewController.swift in Sources */,
				C2272C2127556BA8005C3CF4 /* HabitsViewController.swift in Sources */,
				C2272C072754E553005C3CF4 /* AppDelegate.swift in Sources */,
				C2272C2527557471005C3CF4 /* UIViewExtension.swift in Sources */,
				C2272C2A27558A5E005C3CF4 /* InfoView.swift in Sources */,
				C2272C3327581AE9005C3CF4 /* HabitView.swift in Sources */,
				C2272C2F275662F6005C3CF4 /* HabitCollectionViewCell.swift in Sources */,
				C2272C37275ADF25005C3CF4 /* ProgressCollectionViewCell.swift in Sources */,
				C2272C092754E553005C3CF4 /* SceneDelegate.swift in Sources */,
			);
			runOnlyForDeploymentPostprocessing = 0;
		};
/* End PBXSourcesBuildPhase section */

/* Begin PBXVariantGroup section */
		C2272C0C2754E553005C3CF4 /* Main.storyboard */ = {
			isa = PBXVariantGroup;
			children = (
				C2272C0D2754E553005C3CF4 /* Base */,
			);
			name = Main.storyboard;
			sourceTree = "<group>";
		};
		C2272C112754E555005C3CF4 /* LaunchScreen.storyboard */ = {
			isa = PBXVariantGroup;
			children = (
				C2272C122754E555005C3CF4 /* Base */,
			);
			name = LaunchScreen.storyboard;
			sourceTree = "<group>";
		};
/* End PBXVariantGroup section */

/* Begin XCBuildConfiguration section */
		C2272C152754E555005C3CF4 /* Debug */ = {
			isa = XCBuildConfiguration;
			buildSettings = {
				ALWAYS_SEARCH_USER_PATHS = NO;
				CLANG_ANALYZER_NONNULL = YES;
				CLANG_ANALYZER_NUMBER_OBJECT_CONVERSION = YES_AGGRESSIVE;
				CLANG_CXX_LANGUAGE_STANDARD = "gnu++17";
				CLANG_CXX_LIBRARY = "libc++";
				CLANG_ENABLE_MODULES = YES;
				CLANG_ENABLE_OBJC_ARC = YES;
				CLANG_ENABLE_OBJC_WEAK = YES;
				CLANG_WARN_BLOCK_CAPTURE_AUTORELEASING = YES;
				CLANG_WARN_BOOL_CONVERSION = YES;
				CLANG_WARN_COMMA = YES;
				CLANG_WARN_CONSTANT_CONVERSION = YES;
				CLANG_WARN_DEPRECATED_OBJC_IMPLEMENTATIONS = YES;
				CLANG_WARN_DIRECT_OBJC_ISA_USAGE = YES_ERROR;
				CLANG_WARN_DOCUMENTATION_COMMENTS = YES;
				CLANG_WARN_EMPTY_BODY = YES;
				CLANG_WARN_ENUM_CONVERSION = YES;
				CLANG_WARN_INFINITE_RECURSION = YES;
				CLANG_WARN_INT_CONVERSION = YES;
				CLANG_WARN_NON_LITERAL_NULL_CONVERSION = YES;
				CLANG_WARN_OBJC_IMPLICIT_RETAIN_SELF = YES;
				CLANG_WARN_OBJC_LITERAL_CONVERSION = YES;
				CLANG_WARN_OBJC_ROOT_CLASS = YES_ERROR;
				CLANG_WARN_QUOTED_INCLUDE_IN_FRAMEWORK_HEADER = YES;
				CLANG_WARN_RANGE_LOOP_ANALYSIS = YES;
				CLANG_WARN_STRICT_PROTOTYPES = YES;
				CLANG_WARN_SUSPICIOUS_MOVE = YES;
				CLANG_WARN_UNGUARDED_AVAILABILITY = YES_AGGRESSIVE;
				CLANG_WARN_UNREACHABLE_CODE = YES;
				CLANG_WARN__DUPLICATE_METHOD_MATCH = YES;
				COPY_PHASE_STRIP = NO;
				DEBUG_INFORMATION_FORMAT = dwarf;
				ENABLE_STRICT_OBJC_MSGSEND = YES;
				ENABLE_TESTABILITY = YES;
				GCC_C_LANGUAGE_STANDARD = gnu11;
				GCC_DYNAMIC_NO_PIC = NO;
				GCC_NO_COMMON_BLOCKS = YES;
				GCC_OPTIMIZATION_LEVEL = 0;
				GCC_PREPROCESSOR_DEFINITIONS = (
					"DEBUG=1",
					"$(inherited)",
				);
				GCC_WARN_64_TO_32_BIT_CONVERSION = YES;
				GCC_WARN_ABOUT_RETURN_TYPE = YES_ERROR;
				GCC_WARN_UNDECLARED_SELECTOR = YES;
				GCC_WARN_UNINITIALIZED_AUTOS = YES_AGGRESSIVE;
				GCC_WARN_UNUSED_FUNCTION = YES;
				GCC_WARN_UNUSED_VARIABLE = YES;
				IPHONEOS_DEPLOYMENT_TARGET = 15.0;
				MTL_ENABLE_DEBUG_INFO = INCLUDE_SOURCE;
				MTL_FAST_MATH = YES;
				ONLY_ACTIVE_ARCH = YES;
				SDKROOT = iphoneos;
				SWIFT_ACTIVE_COMPILATION_CONDITIONS = DEBUG;
				SWIFT_OPTIMIZATION_LEVEL = "-Onone";
			};
			name = Debug;
		};
		C2272C162754E555005C3CF4 /* Release */ = {
			isa = XCBuildConfiguration;
			buildSettings = {
				ALWAYS_SEARCH_USER_PATHS = NO;
				CLANG_ANALYZER_NONNULL = YES;
				CLANG_ANALYZER_NUMBER_OBJECT_CONVERSION = YES_AGGRESSIVE;
				CLANG_CXX_LANGUAGE_STANDARD = "gnu++17";
				CLANG_CXX_LIBRARY = "libc++";
				CLANG_ENABLE_MODULES = YES;
				CLANG_ENABLE_OBJC_ARC = YES;
				CLANG_ENABLE_OBJC_WEAK = YES;
				CLANG_WARN_BLOCK_CAPTURE_AUTORELEASING = YES;
				CLANG_WARN_BOOL_CONVERSION = YES;
				CLANG_WARN_COMMA = YES;
				CLANG_WARN_CONSTANT_CONVERSION = YES;
				CLANG_WARN_DEPRECATED_OBJC_IMPLEMENTATIONS = YES;
				CLANG_WARN_DIRECT_OBJC_ISA_USAGE = YES_ERROR;
				CLANG_WARN_DOCUMENTATION_COMMENTS = YES;
				CLANG_WARN_EMPTY_BODY = YES;
				CLANG_WARN_ENUM_CONVERSION = YES;
				CLANG_WARN_INFINITE_RECURSION = YES;
				CLANG_WARN_INT_CONVERSION = YES;
				CLANG_WARN_NON_LITERAL_NULL_CONVERSION = YES;
				CLANG_WARN_OBJC_IMPLICIT_RETAIN_SELF = YES;
				CLANG_WARN_OBJC_LITERAL_CONVERSION = YES;
				CLANG_WARN_OBJC_ROOT_CLASS = YES_ERROR;
				CLANG_WARN_QUOTED_INCLUDE_IN_FRAMEWORK_HEADER = YES;
				CLANG_WARN_RANGE_LOOP_ANALYSIS = YES;
				CLANG_WARN_STRICT_PROTOTYPES = YES;
				CLANG_WARN_SUSPICIOUS_MOVE = YES;
				CLANG_WARN_UNGUARDED_AVAILABILITY = YES_AGGRESSIVE;
				CLANG_WARN_UNREACHABLE_CODE = YES;
				CLANG_WARN__DUPLICATE_METHOD_MATCH = YES;
				COPY_PHASE_STRIP = NO;
				DEBUG_INFORMATION_FORMAT = "dwarf-with-dsym";
				ENABLE_NS_ASSERTIONS = NO;
				ENABLE_STRICT_OBJC_MSGSEND = YES;
				GCC_C_LANGUAGE_STANDARD = gnu11;
				GCC_NO_COMMON_BLOCKS = YES;
				GCC_WARN_64_TO_32_BIT_CONVERSION = YES;
				GCC_WARN_ABOUT_RETURN_TYPE = YES_ERROR;
				GCC_WARN_UNDECLARED_SELECTOR = YES;
				GCC_WARN_UNINITIALIZED_AUTOS = YES_AGGRESSIVE;
				GCC_WARN_UNUSED_FUNCTION = YES;
				GCC_WARN_UNUSED_VARIABLE = YES;
				IPHONEOS_DEPLOYMENT_TARGET = 15.0;
				MTL_ENABLE_DEBUG_INFO = NO;
				MTL_FAST_MATH = YES;
				SDKROOT = iphoneos;
				SWIFT_COMPILATION_MODE = wholemodule;
				SWIFT_OPTIMIZATION_LEVEL = "-O";
				VALIDATE_PRODUCT = YES;
			};
			name = Release;
		};
		C2272C182754E555005C3CF4 /* Debug */ = {
			isa = XCBuildConfiguration;
			buildSettings = {
				ASSETCATALOG_COMPILER_APPICON_NAME = AppIcon;
				ASSETCATALOG_COMPILER_GLOBAL_ACCENT_COLOR_NAME = AccentColor;
				CODE_SIGN_STYLE = Automatic;
				CURRENT_PROJECT_VERSION = 1;
				DEVELOPMENT_TEAM = 693VEXZB54;
				GENERATE_INFOPLIST_FILE = YES;
				INFOPLIST_FILE = MyHabits/Info.plist;
				INFOPLIST_KEY_UIApplicationSupportsIndirectInputEvents = YES;
				INFOPLIST_KEY_UILaunchStoryboardName = LaunchScreen;
				INFOPLIST_KEY_UISupportedInterfaceOrientations_iPad = "UIInterfaceOrientationPortrait UIInterfaceOrientationPortraitUpsideDown UIInterfaceOrientationLandscapeLeft UIInterfaceOrientationLandscapeRight";
				INFOPLIST_KEY_UISupportedInterfaceOrientations_iPhone = "UIInterfaceOrientationPortrait UIInterfaceOrientationLandscapeLeft UIInterfaceOrientationLandscapeRight";
				LD_RUNPATH_SEARCH_PATHS = (
					"$(inherited)",
					"@executable_path/Frameworks",
				);
				MARKETING_VERSION = 1.0;
				PRODUCT_BUNDLE_IDENTIFIER = com.bodasooqa.MyHabits;
				PRODUCT_NAME = "$(TARGET_NAME)";
				SWIFT_EMIT_LOC_STRINGS = YES;
				SWIFT_VERSION = 5.0;
				TARGETED_DEVICE_FAMILY = "1,2";
			};
			name = Debug;
		};
		C2272C192754E555005C3CF4 /* Release */ = {
			isa = XCBuildConfiguration;
			buildSettings = {
				ASSETCATALOG_COMPILER_APPICON_NAME = AppIcon;
				ASSETCATALOG_COMPILER_GLOBAL_ACCENT_COLOR_NAME = AccentColor;
				CODE_SIGN_STYLE = Automatic;
				CURRENT_PROJECT_VERSION = 1;
				DEVELOPMENT_TEAM = 693VEXZB54;
				GENERATE_INFOPLIST_FILE = YES;
				INFOPLIST_FILE = MyHabits/Info.plist;
				INFOPLIST_KEY_UIApplicationSupportsIndirectInputEvents = YES;
				INFOPLIST_KEY_UILaunchStoryboardName = LaunchScreen;
				INFOPLIST_KEY_UISupportedInterfaceOrientations_iPad = "UIInterfaceOrientationPortrait UIInterfaceOrientationPortraitUpsideDown UIInterfaceOrientationLandscapeLeft UIInterfaceOrientationLandscapeRight";
				INFOPLIST_KEY_UISupportedInterfaceOrientations_iPhone = "UIInterfaceOrientationPortrait UIInterfaceOrientationLandscapeLeft UIInterfaceOrientationLandscapeRight";
				LD_RUNPATH_SEARCH_PATHS = (
					"$(inherited)",
					"@executable_path/Frameworks",
				);
				MARKETING_VERSION = 1.0;
				PRODUCT_BUNDLE_IDENTIFIER = com.bodasooqa.MyHabits;
				PRODUCT_NAME = "$(TARGET_NAME)";
				SWIFT_EMIT_LOC_STRINGS = YES;
				SWIFT_VERSION = 5.0;
				TARGETED_DEVICE_FAMILY = "1,2";
			};
			name = Release;
		};
/* End XCBuildConfiguration section */

/* Begin XCConfigurationList section */
		C2272BFE2754E553005C3CF4 /* Build configuration list for PBXProject "MyHabits" */ = {
			isa = XCConfigurationList;
			buildConfigurations = (
				C2272C152754E555005C3CF4 /* Debug */,
				C2272C162754E555005C3CF4 /* Release */,
			);
			defaultConfigurationIsVisible = 0;
			defaultConfigurationName = Release;
		};
		C2272C172754E555005C3CF4 /* Build configuration list for PBXNativeTarget "MyHabits" */ = {
			isa = XCConfigurationList;
			buildConfigurations = (
				C2272C182754E555005C3CF4 /* Debug */,
				C2272C192754E555005C3CF4 /* Release */,
			);
			defaultConfigurationIsVisible = 0;
			defaultConfigurationName = Release;
		};
/* End XCConfigurationList section */
	};
	rootObject = C2272BFB2754E553005C3CF4 /* Project object */;
}
